
Microsoft Visual Studio Solution File, Format Version 12.00
# Visual Studio Version 17
VisualStudioVersion = 17.5.2.0
MinimumVisualStudioVersion = 10.0.40219.1
Project("{FAE04EC0-301F-11D3-BF4B-00C04F79EFBC}") = "Calculator", "Calculator\Calculator.csproj", "{054F7CB1-05A9-D89F-46D4-3FD428208C29}"
EndProject
Project("{FAE04EC0-301F-11D3-BF4B-00C04F79EFBC}") = "TaskManager", "TaskManager\TaskManager.csproj", "{6D77F745-FF59-4561-A94D-C23284AF47D3}"
EndProject
Global
	GlobalSection(SolutionConfigurationPlatforms) = preSolution
		Debug|Any CPU = Debug|Any CPU
		Debug|x64 = Debug|x64
		Debug|x86 = Debug|x86
		Release|Any CPU = Release|Any CPU
		Release|x64 = Release|x64
		Release|x86 = Release|x86
	EndGlobalSection
	GlobalSection(ProjectConfigurationPlatforms) = postSolution
		{054F7CB1-05A9-D89F-46D4-3FD428208C29}.Debug|Any CPU.ActiveCfg = Debug|Any CPU
		{054F7CB1-05A9-D89F-46D4-3FD428208C29}.Debug|Any CPU.Build.0 = Debug|Any CPU
		{054F7CB1-05A9-D89F-46D4-3FD428208C29}.Debug|x64.ActiveCfg = Debug|Any CPU
		{054F7CB1-05A9-D89F-46D4-3FD428208C29}.Debug|x64.Build.0 = Debug|Any CPU
		{054F7CB1-05A9-D89F-46D4-3FD428208C29}.Debug|x86.ActiveCfg = Debug|Any CPU
		{054F7CB1-05A9-D89F-46D4-3FD428208C29}.Debug|x86.Build.0 = Debug|Any CPU
		{054F7CB1-05A9-D89F-46D4-3FD428208C29}.Release|Any CPU.ActiveCfg = Release|Any CPU
		{054F7CB1-05A9-D89F-46D4-3FD428208C29}.Release|Any CPU.Build.0 = Release|Any CPU
		{054F7CB1-05A9-D89F-46D4-3FD428208C29}.Release|x64.ActiveCfg = Release|Any CPU
		{054F7CB1-05A9-D89F-46D4-3FD428208C29}.Release|x64.Build.0 = Release|Any CPU
		{054F7CB1-05A9-D89F-46D4-3FD428208C29}.Release|x86.ActiveCfg = Release|Any CPU
		{054F7CB1-05A9-D89F-46D4-3FD428208C29}.Release|x86.Build.0 = Release|Any CPU
		{6D77F745-FF59-4561-A94D-C23284AF47D3}.Debug|Any CPU.ActiveCfg = Debug|Any CPU
		{6D77F745-FF59-4561-A94D-C23284AF47D3}.Debug|Any CPU.Build.0 = Debug|Any CPU
		{6D77F745-FF59-4561-A94D-C23284AF47D3}.Debug|x64.ActiveCfg = Debug|Any CPU
		{6D77F745-FF59-4561-A94D-C23284AF47D3}.Debug|x64.Build.0 = Debug|Any CPU
		{6D77F745-FF59-4561-A94D-C23284AF47D3}.Debug|x86.ActiveCfg = Debug|Any CPU
		{6D77F745-FF59-4561-A94D-C23284AF47D3}.Debug|x86.Build.0 = Debug|Any CPU
		{6D77F745-FF59-4561-A94D-C23284AF47D3}.Release|Any CPU.ActiveCfg = Release|Any CPU
		{6D77F745-FF59-4561-A94D-C23284AF47D3}.Release|Any CPU.Build.0 = Release|Any CPU
		{6D77F745-FF59-4561-A94D-C23284AF47D3}.Release|x64.ActiveCfg = Release|Any CPU
		{6D77F745-FF59-4561-A94D-C23284AF47D3}.Release|x64.Build.0 = Release|Any CPU
		{6D77F745-FF59-4561-A94D-C23284AF47D3}.Release|x86.ActiveCfg = Release|Any CPU
		{6D77F745-FF59-4561-A94D-C23284AF47D3}.Release|x86.Build.0 = Release|Any CPU
	EndGlobalSection
	GlobalSection(SolutionProperties) = preSolution
		HideSolutionNode = FALSE
	EndGlobalSection
	GlobalSection(ExtensibilityGlobals) = postSolution
		SolutionGuid = {8B835758-A351-4965-8727-1303DF9E0D67}
	EndGlobalSection
EndGlobal
